<Solution>
  <Folder Name="/src/">
    <Project Path="src/Helpdesk.Api/Helpdesk.Api.csproj" />
    <Project Path="src/Helpdesk.Application/Helpdesk.Application.csproj" />
    <Project Path="src/Helpdesk.Core/Helpdesk.Core.csproj" />
    <Project Path="src/Helpdesk.Infrastructure/Helpdesk.Infrastructure.csproj" />
  </Folder>
  <Folder Name="/tests/">
    <Project Path="tests/Helpdesk.Core.Tests/Helpdesk.Core.Tests.csproj" />
    <Project Path="tests/Helpdesk.Infrastructure.Tests/Helpdesk.Infrastructure.Tests.csproj" />
    <Project Path="tests/Helpdesk.Api.Tests/Helpdesk.Api.Tests.csproj" />
    <Project Path="tests/Helpdesk.Application.Tests/Helpdesk.Application.Tests.csproj" />
  </Folder>
</Solution>
